<?xml version="1.0" encoding="utf-8"?>
<Project ToolsVersion="4.0" xmlns="http://schemas.microsoft.com/developer/msbuild/2003">
  <ItemGroup>
    <Filter Include="Source Files">
      <UniqueIdentifier>{4FC737F1-C7A5-4376-A066-2A32D752A2FF}</UniqueIdentifier>
      <Extensions>cpp;c;cc;cxx;def;odl;idl;hpj;bat;asm;asmx</Extensions>
    </Filter>
    <Filter Include="Header Files">
      <UniqueIdentifier>{93995380-89BD-4b04-88EB-625FBE52EBFB}</UniqueIdentifier>
      <Extensions>h;hh;hpp;hxx;hm;inl;inc;xsd</Extensions>
    </Filter>
    <Filter Include="Resource Files">
      <UniqueIdentifier>{67DA6AB6-F800-4c08-8B7A-83BB121AAD01}</UniqueIdentifier>
      <Extensions>rc;ico;cur;bmp;dlg;rc2;rct;bin;rgs;gif;jpg;jpeg;jpe;resx;tiff;tif;png;wav;mfcribbon-ms</Extensions>
    </Filter>
  </ItemGroup>
  <ItemGroup>
    <Text Include="ReadMe.txt" />
  </ItemGroup>
  <ItemGroup>
    <ClInclude Include="stdafx.h">
      <Filter>Header Files</Filter>
    </ClInclude>
    <ClInclude Include="targetver.h">
      <Filter>Header Files</Filter>
    </ClInclude>
    <ClInclude Include="InnerStructure.h">
      <Filter>Header Files</Filter>
    </ClInclude>
    <ClInclude Include="CGClick.h">
      <Filter>Header Files</Filter>
    </ClInclude>
    <ClInclude Include="CGDoubleClick.h">
      <Filter>Header Files</Filter>
    </ClInclude>
    <ClInclude Include="CGDrag.h">
      <Filter>Header Files</Filter>
    </ClInclude>
    <ClInclude Include="CGLongPush.h">
      <Filter>Header Files</Filter>
    </ClInclude>
    <ClInclude Include="CGMoveTo.h">
      <Filter>Header Files</Filter>
    </ClInclude>
    <ClInclude Include="CGNone.h">
      <Filter>Header Files</Filter>
    </ClInclude>
    <ClInclude Include="CGstEnsenssial.h">
      <Filter>Header Files</Filter>
    </ClInclude>
    <ClInclude Include="CHand.h">
      <Filter>Header Files</Filter>
    </ClInclude>
    <ClInclude Include="CGFlipDown.h">
      <Filter>Header Files</Filter>
    </ClInclude>
    <ClInclude Include="CGFlipLeft.h">
      <Filter>Header Files</Filter>
    </ClInclude>
    <ClInclude Include="CGFlipRight.h">
      <Filter>Header Files</Filter>
    </ClInclude>
    <ClInclude Include="CGFlipUp.h">
      <Filter>Header Files</Filter>
    </ClInclude>
    <ClInclude Include="CGSlideBackVert.h">
      <Filter>Header Files</Filter>
    </ClInclude>
    <ClInclude Include="CGSlideBackHori.h">
      <Filter>Header Files</Filter>
    </ClInclude>
    <ClInclude Include="CGRotate.h">
      <Filter>Header Files</Filter>
    </ClInclude>
    <ClInclude Include="CGZooming.h">
      <Filter>Header Files</Filter>
    </ClInclude>
    <ClInclude Include="CGestureRecognize.h">
      <Filter>Header Files</Filter>
    </ClInclude>
    <ClInclude Include="..\inc\DLPGesture\GestureParam.h">
      <Filter>Header Files</Filter>
    </ClInclude>
    <ClInclude Include="..\inc\DLPGesture\IDLPGesture.h">
      <Filter>Header Files</Filter>
    </ClInclude>
    <ClInclude Include="CLeftGrip.h">
      <Filter>Header Files</Filter>
    </ClInclude>
    <ClInclude Include="CRightGrip.h">
      <Filter>Header Files</Filter>
    </ClInclude>
    <ClInclude Include="PrivateStructure.h">
      <Filter>Header Files</Filter>
    </ClInclude>
    <ClInclude Include="..\inc\DLPGesture\IDLPSpatialGesture.h">
      <Filter>Header Files</Filter>
    </ClInclude>
    <ClInclude Include="CSpatialGesture.h">
      <Filter>Header Files</Filter>
    </ClInclude>
    <ClInclude Include="CCalib.h">
      <Filter>Header Files</Filter>
    </ClInclude>
    <ClInclude Include="CEvent.h">
      <Filter>Header Files</Filter>
    </ClInclude>
    <ClInclude Include="CHandTrace.h">
      <Filter>Header Files</Filter>
    </ClInclude>
    <ClInclude Include="CKinectAction.h">
      <Filter>Header Files</Filter>
    </ClInclude>
    <ClInclude Include="CKinectActionEvent.h">
      <Filter>Header Files</Filter>
    </ClInclude>
    <ClInclude Include="CKinectSensor.h">
      <Filter>Header Files</Filter>
    </ClInclude>
    <ClInclude Include="CMathBase.h">
      <Filter>Header Files</Filter>
    </ClInclude>
    <ClInclude Include="CSynGesture.h">
      <Filter>Source Files</Filter>
    </ClInclude>
  </ItemGroup>
  <ItemGroup>
    <ClCompile Include="stdafx.cpp">
      <Filter>Source Files</Filter>
    </ClCompile>
    <ClCompile Include="dllmain.cpp">
      <Filter>Source Files</Filter>
    </ClCompile>
    <ClCompile Include="CHand.cpp">
      <Filter>Source Files</Filter>
    </ClCompile>
    <ClCompile Include="CGClick.cpp">
      <Filter>Source Files</Filter>
    </ClCompile>
    <ClCompile Include="CGDoubleClick.cpp">
      <Filter>Source Files</Filter>
    </ClCompile>
    <ClCompile Include="CGDrag.cpp">
      <Filter>Source Files</Filter>
    </ClCompile>
    <ClCompile Include="CGLongPush.cpp">
      <Filter>Source Files</Filter>
    </ClCompile>
    <ClCompile Include="CGMoveTo.cpp">
      <Filter>Source Files</Filter>
    </ClCompile>
    <ClCompile Include="CGNone.cpp">
      <Filter>Source Files</Filter>
    </ClCompile>
    <ClCompile Include="CGstEnsenssial.cpp">
      <Filter>Source Files</Filter>
    </ClCompile>
    <ClCompile Include="Creat.cpp">
      <Filter>Source Files</Filter>
    </ClCompile>
    <ClCompile Include="CGFlipDown.cpp">
      <Filter>Source Files</Filter>
    </ClCompile>
    <ClCompile Include="CGFlipUp.cpp">
      <Filter>Source Files</Filter>
    </ClCompile>
    <ClCompile Include="CGFlipRight.cpp">
      <Filter>Source Files</Filter>
    </ClCompile>
    <ClCompile Include="CGFlipLeft.cpp">
      <Filter>Source Files</Filter>
    </ClCompile>
    <ClCompile Include="CGSlideBackHori.cpp">
      <Filter>Source Files</Filter>
    </ClCompile>
    <ClCompile Include="CGSlideBackVert.cpp">
      <Filter>Source Files</Filter>
    </ClCompile>
    <ClCompile Include="CGZooming.cpp">
      <Filter>Source Files</Filter>
    </ClCompile>
    <ClCompile Include="CGRotate.cpp">
      <Filter>Source Files</Filter>
    </ClCompile>
    <ClCompile Include="CGestureRecognize.cpp">
      <Filter>Source Files</Filter>
    </ClCompile>
    <ClCompile Include="CLeftGrip.cpp">
      <Filter>Source Files</Filter>
    </ClCompile>
    <ClCompile Include="CRightGrip.cpp">
      <Filter>Source Files</Filter>
    </ClCompile>
    <ClCompile Include="CSpatialGesture.cpp">
      <Filter>Source Files</Filter>
    </ClCompile>
    <ClCompile Include="CCalib.cpp">
      <Filter>Source Files</Filter>
    </ClCompile>
    <ClCompile Include="CEvent.cpp">
      <Filter>Source Files</Filter>
    </ClCompile>
    <ClCompile Include="CHandTrace.cpp">
      <Filter>Source Files</Filter>
    </ClCompile>
    <ClCompile Include="CKinectAction.cpp">
      <Filter>Source Files</Filter>
    </ClCompile>
    <ClCompile Include="CKinectActionEvent.cpp">
      <Filter>Source Files</Filter>
    </ClCompile>
    <ClCompile Include="CKinectSensor.cpp">
      <Filter>Source Files</Filter>
    </ClCompile>
    <ClCompile Include="CreateHandObj.cpp">
      <Filter>Source Files</Filter>
    </ClCompile>
    <ClCompile Include="CMathBase.cpp">
      <Filter>Source Files</Filter>
    </ClCompile>
    <ClCompile Include="CSynGesture.cpp">
      <Filter>Source Files</Filter>
    </ClCompile>
  </ItemGroup>
</Project>